
Microsoft Visual Studio Solution File, Format Version 12.00
# Visual Studio Version 16
VisualStudioVersion = 16.0.30804.86
MinimumVisualStudioVersion = 10.0.40219.1
Project("{9A19103F-16F7-4668-BE54-9A1E7A4F7556}") = "MvcMovie", "MvcMovie\MvcMovie.csproj", "{63537890-FC85-44A4-B2F0-9B503C14CCC5}"
EndProject
Project("{FAE04EC0-301F-11D3-BF4B-00C04F79EFBC}") = "McvMovieTest", "McvMovieTest\McvMovieTest.csproj", "{D1F37739-667B-4EC1-BB7C-B541FF9AC772}"
EndProject
Global
	GlobalSection(SolutionConfigurationPlatforms) = preSolution
		Debug|Any CPU = Debug|Any CPU
		Release|Any CPU = Release|Any CPU
	EndGlobalSection
	GlobalSection(ProjectConfigurationPlatforms) = postSolution
		{63537890-FC85-44A4-B2F0-9B503C14CCC5}.Debug|Any CPU.ActiveCfg = Debug|Any CPU
		{63537890-FC85-44A4-B2F0-9B503C14CCC5}.Debug|Any CPU.Build.0 = Debug|Any CPU
		{63537890-FC85-44A4-B2F0-9B503C14CCC5}.Release|Any CPU.ActiveCfg = Release|Any CPU
		{63537890-FC85-44A4-B2F0-9B503C14CCC5}.Release|Any CPU.Build.0 = Release|Any CPU
		{D1F37739-667B-4EC1-BB7C-B541FF9AC772}.Debug|Any CPU.ActiveCfg = Debug|Any CPU
		{D1F37739-667B-4EC1-BB7C-B541FF9AC772}.Debug|Any CPU.Build.0 = Debug|Any CPU
		{D1F37739-667B-4EC1-BB7C-B541FF9AC772}.Release|Any CPU.ActiveCfg = Release|Any CPU
		{D1F37739-667B-4EC1-BB7C-B541FF9AC772}.Release|Any CPU.Build.0 = Release|Any CPU
	EndGlobalSection
	GlobalSection(SolutionProperties) = preSolution
		HideSolutionNode = FALSE
	EndGlobalSection
	GlobalSection(ExtensibilityGlobals) = postSolution
		SolutionGuid = {98502981-60B3-41EE-BF85-7FB0BEE64071}
	EndGlobalSection
EndGlobal
